
Microsoft Visual Studio Solution File, Format Version 12.00
# Visual Studio Version 16
VisualStudioVersion = 16.0.30717.126
MinimumVisualStudioVersion = 10.0.40219.1
Project("{FAE04EC0-301F-11D3-BF4B-00C04F79EFBC}") = "AbcSkool.UWP", "AbcSkool.UWP\AbcSkool.UWP.csproj", "{0BDB6E79-4E56-4A8C-81F7-596DB236F2A5}"
EndProject
Project("{FAE04EC0-301F-11D3-BF4B-00C04F79EFBC}") = "AbcSkool", "AbcSkool\AbcSkool.csproj", "{6A3410C1-E054-452C-8C36-204DDB8B8982}"
EndProject
Project("{FAE04EC0-301F-11D3-BF4B-00C04F79EFBC}") = "AbcSkool.Data", "AbcSkool.Data\AbcSkool.Data.csproj", "{E6943225-2804-4062-B3BB-A375133B719B}"
EndProject
Project("{FAE04EC0-301F-11D3-BF4B-00C04F79EFBC}") = "AbcSkool.RestAPI", "AbcSkool.RestAPI\AbcSkool.RestAPI.csproj", "{69E35675-26BD-4F1B-BA47-F9C12ED02A0C}"
EndProject
Project("{FAE04EC0-301F-11D3-BF4B-00C04F79EFBC}") = "AbcSkool.Core", "AbcSkool.Core\AbcSkool.Core.csproj", "{F762F608-1EAD-43B9-BC87-9B26BD9072C9}"
EndProject
Global
	GlobalSection(SolutionConfigurationPlatforms) = preSolution
		Debug|Any CPU = Debug|Any CPU
		Debug|ARM = Debug|ARM
		Debug|ARM64 = Debug|ARM64
		Debug|x64 = Debug|x64
		Debug|x86 = Debug|x86
		Release|Any CPU = Release|Any CPU
		Release|ARM = Release|ARM
		Release|ARM64 = Release|ARM64
		Release|x64 = Release|x64
		Release|x86 = Release|x86
	EndGlobalSection
	GlobalSection(ProjectConfigurationPlatforms) = postSolution
		{0BDB6E79-4E56-4A8C-81F7-596DB236F2A5}.Debug|Any CPU.ActiveCfg = Debug|x86
		{0BDB6E79-4E56-4A8C-81F7-596DB236F2A5}.Debug|ARM.ActiveCfg = Debug|ARM
		{0BDB6E79-4E56-4A8C-81F7-596DB236F2A5}.Debug|ARM.Build.0 = Debug|ARM
		{0BDB6E79-4E56-4A8C-81F7-596DB236F2A5}.Debug|ARM.Deploy.0 = Debug|ARM
		{0BDB6E79-4E56-4A8C-81F7-596DB236F2A5}.Debug|ARM64.ActiveCfg = Debug|ARM64
		{0BDB6E79-4E56-4A8C-81F7-596DB236F2A5}.Debug|ARM64.Build.0 = Debug|ARM64
		{0BDB6E79-4E56-4A8C-81F7-596DB236F2A5}.Debug|ARM64.Deploy.0 = Debug|ARM64
		{0BDB6E79-4E56-4A8C-81F7-596DB236F2A5}.Debug|x64.ActiveCfg = Debug|x64
		{0BDB6E79-4E56-4A8C-81F7-596DB236F2A5}.Debug|x64.Build.0 = Debug|x64
		{0BDB6E79-4E56-4A8C-81F7-596DB236F2A5}.Debug|x64.Deploy.0 = Debug|x64
		{0BDB6E79-4E56-4A8C-81F7-596DB236F2A5}.Debug|x86.ActiveCfg = Debug|x86
		{0BDB6E79-4E56-4A8C-81F7-596DB236F2A5}.Debug|x86.Build.0 = Debug|x86
		{0BDB6E79-4E56-4A8C-81F7-596DB236F2A5}.Debug|x86.Deploy.0 = Debug|x86
		{0BDB6E79-4E56-4A8C-81F7-596DB236F2A5}.Release|Any CPU.ActiveCfg = Release|x86
		{0BDB6E79-4E56-4A8C-81F7-596DB236F2A5}.Release|ARM.ActiveCfg = Release|ARM
		{0BDB6E79-4E56-4A8C-81F7-596DB236F2A5}.Release|ARM.Build.0 = Release|ARM
		{0BDB6E79-4E56-4A8C-81F7-596DB236F2A5}.Release|ARM.Deploy.0 = Release|ARM
		{0BDB6E79-4E56-4A8C-81F7-596DB236F2A5}.Release|ARM64.ActiveCfg = Release|ARM64
		{0BDB6E79-4E56-4A8C-81F7-596DB236F2A5}.Release|ARM64.Build.0 = Release|ARM64
		{0BDB6E79-4E56-4A8C-81F7-596DB236F2A5}.Release|ARM64.Deploy.0 = Release|ARM64
		{0BDB6E79-4E56-4A8C-81F7-596DB236F2A5}.Release|x64.ActiveCfg = Release|x64
		{0BDB6E79-4E56-4A8C-81F7-596DB236F2A5}.Release|x64.Build.0 = Release|x64
		{0BDB6E79-4E56-4A8C-81F7-596DB236F2A5}.Release|x64.Deploy.0 = Release|x64
		{0BDB6E79-4E56-4A8C-81F7-596DB236F2A5}.Release|x86.ActiveCfg = Release|x86
		{0BDB6E79-4E56-4A8C-81F7-596DB236F2A5}.Release|x86.Build.0 = Release|x86
		{0BDB6E79-4E56-4A8C-81F7-596DB236F2A5}.Release|x86.Deploy.0 = Release|x86
		{6A3410C1-E054-452C-8C36-204DDB8B8982}.Debug|Any CPU.ActiveCfg = Debug|Any CPU
		{6A3410C1-E054-452C-8C36-204DDB8B8982}.Debug|Any CPU.Build.0 = Debug|Any CPU
		{6A3410C1-E054-452C-8C36-204DDB8B8982}.Debug|ARM.ActiveCfg = Debug|Any CPU
		{6A3410C1-E054-452C-8C36-204DDB8B8982}.Debug|ARM.Build.0 = Debug|Any CPU
		{6A3410C1-E054-452C-8C36-204DDB8B8982}.Debug|ARM64.ActiveCfg = Debug|Any CPU
		{6A3410C1-E054-452C-8C36-204DDB8B8982}.Debug|ARM64.Build.0 = Debug|Any CPU
		{6A3410C1-E054-452C-8C36-204DDB8B8982}.Debug|x64.ActiveCfg = Debug|Any CPU
		{6A3410C1-E054-452C-8C36-204DDB8B8982}.Debug|x64.Build.0 = Debug|Any CPU
		{6A3410C1-E054-452C-8C36-204DDB8B8982}.Debug|x86.ActiveCfg = Debug|Any CPU
		{6A3410C1-E054-452C-8C36-204DDB8B8982}.Debug|x86.Build.0 = Debug|Any CPU
		{6A3410C1-E054-452C-8C36-204DDB8B8982}.Release|Any CPU.ActiveCfg = Release|Any CPU
		{6A3410C1-E054-452C-8C36-204DDB8B8982}.Release|Any CPU.Build.0 = Release|Any CPU
		{6A3410C1-E054-452C-8C36-204DDB8B8982}.Release|ARM.ActiveCfg = Release|Any CPU
		{6A3410C1-E054-452C-8C36-204DDB8B8982}.Release|ARM.Build.0 = Release|Any CPU
		{6A3410C1-E054-452C-8C36-204DDB8B8982}.Release|ARM64.ActiveCfg = Release|Any CPU
		{6A3410C1-E054-452C-8C36-204DDB8B8982}.Release|ARM64.Build.0 = Release|Any CPU
		{6A3410C1-E054-452C-8C36-204DDB8B8982}.Release|x64.ActiveCfg = Release|Any CPU
		{6A3410C1-E054-452C-8C36-204DDB8B8982}.Release|x64.Build.0 = Release|Any CPU
		{6A3410C1-E054-452C-8C36-204DDB8B8982}.Release|x86.ActiveCfg = Release|Any CPU
		{6A3410C1-E054-452C-8C36-204DDB8B8982}.Release|x86.Build.0 = Release|Any CPU
		{E6943225-2804-4062-B3BB-A375133B719B}.Debug|Any CPU.ActiveCfg = Debug|Any CPU
		{E6943225-2804-4062-B3BB-A375133B719B}.Debug|Any CPU.Build.0 = Debug|Any CPU
		{E6943225-2804-4062-B3BB-A375133B719B}.Debug|ARM.ActiveCfg = Debug|Any CPU
		{E6943225-2804-4062-B3BB-A375133B719B}.Debug|ARM.Build.0 = Debug|Any CPU
		{E6943225-2804-4062-B3BB-A375133B719B}.Debug|ARM64.ActiveCfg = Debug|Any CPU
		{E6943225-2804-4062-B3BB-A375133B719B}.Debug|ARM64.Build.0 = Debug|Any CPU
		{E6943225-2804-4062-B3BB-A375133B719B}.Debug|x64.ActiveCfg = Debug|Any CPU
		{E6943225-2804-4062-B3BB-A375133B719B}.Debug|x64.Build.0 = Debug|Any CPU
		{E6943225-2804-4062-B3BB-A375133B719B}.Debug|x86.ActiveCfg = Debug|Any CPU
		{E6943225-2804-4062-B3BB-A375133B719B}.Debug|x86.Build.0 = Debug|Any CPU
		{E6943225-2804-4062-B3BB-A375133B719B}.Release|Any CPU.ActiveCfg = Release|Any CPU
		{E6943225-2804-4062-B3BB-A375133B719B}.Release|Any CPU.Build.0 = Release|Any CPU
		{E6943225-2804-4062-B3BB-A375133B719B}.Release|ARM.ActiveCfg = Release|Any CPU
		{E6943225-2804-4062-B3BB-A375133B719B}.Release|ARM.Build.0 = Release|Any CPU
		{E6943225-2804-4062-B3BB-A375133B719B}.Release|ARM64.ActiveCfg = Release|Any CPU
		{E6943225-2804-4062-B3BB-A375133B719B}.Release|ARM64.Build.0 = Release|Any CPU
		{E6943225-2804-4062-B3BB-A375133B719B}.Release|x64.ActiveCfg = Release|Any CPU
		{E6943225-2804-4062-B3BB-A375133B719B}.Release|x64.Build.0 = Release|Any CPU
		{E6943225-2804-4062-B3BB-A375133B719B}.Release|x86.ActiveCfg = Release|Any CPU
		{E6943225-2804-4062-B3BB-A375133B719B}.Release|x86.Build.0 = Release|Any CPU
		{69E35675-26BD-4F1B-BA47-F9C12ED02A0C}.Debug|Any CPU.ActiveCfg = Debug|Any CPU
		{69E35675-26BD-4F1B-BA47-F9C12ED02A0C}.Debug|Any CPU.Build.0 = Debug|Any CPU
		{69E35675-26BD-4F1B-BA47-F9C12ED02A0C}.Debug|ARM.ActiveCfg = Debug|Any CPU
		{69E35675-26BD-4F1B-BA47-F9C12ED02A0C}.Debug|ARM.Build.0 = Debug|Any CPU
		{69E35675-26BD-4F1B-BA47-F9C12ED02A0C}.Debug|ARM64.ActiveCfg = Debug|Any CPU
		{69E35675-26BD-4F1B-BA47-F9C12ED02A0C}.Debug|ARM64.Build.0 = Debug|Any CPU
		{69E35675-26BD-4F1B-BA47-F9C12ED02A0C}.Debug|x64.ActiveCfg = Debug|Any CPU
		{69E35675-26BD-4F1B-BA47-F9C12ED02A0C}.Debug|x64.Build.0 = Debug|Any CPU
		{69E35675-26BD-4F1B-BA47-F9C12ED02A0C}.Debug|x86.ActiveCfg = Debug|Any CPU
		{69E35675-26BD-4F1B-BA47-F9C12ED02A0C}.Debug|x86.Build.0 = Debug|Any CPU
		{69E35675-26BD-4F1B-BA47-F9C12ED02A0C}.Release|Any CPU.ActiveCfg = Release|Any CPU
		{69E35675-26BD-4F1B-BA47-F9C12ED02A0C}.Release|Any CPU.Build.0 = Release|Any CPU
		{69E35675-26BD-4F1B-BA47-F9C12ED02A0C}.Release|ARM.ActiveCfg = Release|Any CPU
		{69E35675-26BD-4F1B-BA47-F9C12ED02A0C}.Release|ARM.Build.0 = Release|Any CPU
		{69E35675-26BD-4F1B-BA47-F9C12ED02A0C}.Release|ARM64.ActiveCfg = Release|Any CPU
		{69E35675-26BD-4F1B-BA47-F9C12ED02A0C}.Release|ARM64.Build.0 = Release|Any CPU
		{69E35675-26BD-4F1B-BA47-F9C12ED02A0C}.Release|x64.ActiveCfg = Release|Any CPU
		{69E35675-26BD-4F1B-BA47-F9C12ED02A0C}.Release|x64.Build.0 = Release|Any CPU
		{69E35675-26BD-4F1B-BA47-F9C12ED02A0C}.Release|x86.ActiveCfg = Release|Any CPU
		{69E35675-26BD-4F1B-BA47-F9C12ED02A0C}.Release|x86.Build.0 = Release|Any CPU
		{F762F608-1EAD-43B9-BC87-9B26BD9072C9}.Debug|Any CPU.ActiveCfg = Debug|Any CPU
		{F762F608-1EAD-43B9-BC87-9B26BD9072C9}.Debug|Any CPU.Build.0 = Debug|Any CPU
		{F762F608-1EAD-43B9-BC87-9B26BD9072C9}.Debug|ARM.ActiveCfg = Debug|Any CPU
		{F762F608-1EAD-43B9-BC87-9B26BD9072C9}.Debug|ARM.Build.0 = Debug|Any CPU
		{F762F608-1EAD-43B9-BC87-9B26BD9072C9}.Debug|ARM64.ActiveCfg = Debug|Any CPU
		{F762F608-1EAD-43B9-BC87-9B26BD9072C9}.Debug|ARM64.Build.0 = Debug|Any CPU
		{F762F608-1EAD-43B9-BC87-9B26BD9072C9}.Debug|x64.ActiveCfg = Debug|Any CPU
		{F762F608-1EAD-43B9-BC87-9B26BD9072C9}.Debug|x64.Build.0 = Debug|Any CPU
		{F762F608-1EAD-43B9-BC87-9B26BD9072C9}.Debug|x86.ActiveCfg = Debug|Any CPU
		{F762F608-1EAD-43B9-BC87-9B26BD9072C9}.Debug|x86.Build.0 = Debug|Any CPU
		{F762F608-1EAD-43B9-BC87-9B26BD9072C9}.Release|Any CPU.ActiveCfg = Release|Any CPU
		{F762F608-1EAD-43B9-BC87-9B26BD9072C9}.Release|Any CPU.Build.0 = Release|Any CPU
		{F762F608-1EAD-43B9-BC87-9B26BD9072C9}.Release|ARM.ActiveCfg = Release|Any CPU
		{F762F608-1EAD-43B9-BC87-9B26BD9072C9}.Release|ARM.Build.0 = Release|Any CPU
		{F762F608-1EAD-43B9-BC87-9B26BD9072C9}.Release|ARM64.ActiveCfg = Release|Any CPU
		{F762F608-1EAD-43B9-BC87-9B26BD9072C9}.Release|ARM64.Build.0 = Release|Any CPU
		{F762F608-1EAD-43B9-BC87-9B26BD9072C9}.Release|x64.ActiveCfg = Release|Any CPU
		{F762F608-1EAD-43B9-BC87-9B26BD9072C9}.Release|x64.Build.0 = Release|Any CPU
		{F762F608-1EAD-43B9-BC87-9B26BD9072C9}.Release|x86.ActiveCfg = Release|Any CPU
		{F762F608-1EAD-43B9-BC87-9B26BD9072C9}.Release|x86.Build.0 = Release|Any CPU
	EndGlobalSection
	GlobalSection(SolutionProperties) = preSolution
		HideSolutionNode = FALSE
	EndGlobalSection
	GlobalSection(ExtensibilityGlobals) = postSolution
		SolutionGuid = {E248A052-E804-4D9A-8193-42990AFAB42C}
	EndGlobalSection
EndGlobal
